
Microsoft Visual Studio Solution File, Format Version 12.00
# Visual Studio Version 17
VisualStudioVersion = 17.0.32014.148
MinimumVisualStudioVersion = 10.0.40219.1
Project("{9A19103F-16F7-4668-BE54-9A1E7A4F7556}") = "Algorithms", "..\Algorithms\Algorithms.csproj", "{5D13263F-066F-4FC8-96BD-B1EAA5AC6C24}"
EndProject
Project("{FAE04EC0-301F-11D3-BF4B-00C04F79EFBC}") = "SOLIDPrinciples", "..\SOLIDPrinciples\SOLIDPrinciples.csproj", "{15907920-E5E5-40A8-B9F9-07791B25D99C}"
EndProject
Project("{FAE04EC0-301F-11D3-BF4B-00C04F79EFBC}") = "DesignPatterns", "DesignPatterns.csproj", "{F6CFA9E3-ADC5-4D38-9E04-EA288EE1990D}"
EndProject
Global
	GlobalSection(SolutionConfigurationPlatforms) = preSolution
		Debug|Any CPU = Debug|Any CPU
		Release|Any CPU = Release|Any CPU
	EndGlobalSection
	GlobalSection(ProjectConfigurationPlatforms) = postSolution
		{5D13263F-066F-4FC8-96BD-B1EAA5AC6C24}.Debug|Any CPU.ActiveCfg = Debug|Any CPU
		{5D13263F-066F-4FC8-96BD-B1EAA5AC6C24}.Debug|Any CPU.Build.0 = Debug|Any CPU
		{5D13263F-066F-4FC8-96BD-B1EAA5AC6C24}.Release|Any CPU.ActiveCfg = Release|Any CPU
		{5D13263F-066F-4FC8-96BD-B1EAA5AC6C24}.Release|Any CPU.Build.0 = Release|Any CPU
		{15907920-E5E5-40A8-B9F9-07791B25D99C}.Debug|Any CPU.ActiveCfg = Debug|Any CPU
		{15907920-E5E5-40A8-B9F9-07791B25D99C}.Debug|Any CPU.Build.0 = Debug|Any CPU
		{15907920-E5E5-40A8-B9F9-07791B25D99C}.Release|Any CPU.ActiveCfg = Release|Any CPU
		{15907920-E5E5-40A8-B9F9-07791B25D99C}.Release|Any CPU.Build.0 = Release|Any CPU
		{F6CFA9E3-ADC5-4D38-9E04-EA288EE1990D}.Debug|Any CPU.ActiveCfg = Debug|Any CPU
		{F6CFA9E3-ADC5-4D38-9E04-EA288EE1990D}.Debug|Any CPU.Build.0 = Debug|Any CPU
		{F6CFA9E3-ADC5-4D38-9E04-EA288EE1990D}.Release|Any CPU.ActiveCfg = Release|Any CPU
		{F6CFA9E3-ADC5-4D38-9E04-EA288EE1990D}.Release|Any CPU.Build.0 = Release|Any CPU
	EndGlobalSection
	GlobalSection(SolutionProperties) = preSolution
		HideSolutionNode = FALSE
	EndGlobalSection
	GlobalSection(ExtensibilityGlobals) = postSolution
		SolutionGuid = {8AA462C0-5308-4044-8829-F4946DE0AF83}
	EndGlobalSection
EndGlobal
